// !$*UTF8*$!
{
	archiveVersion = 1;
	classes = {
	};
	objectVersion = 55;
	objects = {

/* Begin PBXBuildFile section */
		04E1DDA12A758DDA00C30BD8 /* FruitViewModel.swift in Sources */ = {isa = PBXBuildFile; fileRef = 04E1DDA02A758DDA00C30BD8 /* FruitViewModel.swift */; };
		62BA772628C5DC4D004D21E2 /* SearchBarApp.swift in Sources */ = {isa = PBXBuildFile; fileRef = 62BA772528C5DC4D004D21E2 /* SearchBarApp.swift */; };
		62BA772828C5DC4D004D21E2 /* ContentView.swift in Sources */ = {isa = PBXBuildFile; fileRef = 62BA772728C5DC4D004D21E2 /* ContentView.swift */; };
		62BA772A28C5DC4F004D21E2 /* Assets.xcassets in Resources */ = {isa = PBXBuildFile; fileRef = 62BA772928C5DC4F004D21E2 /* Assets.xcassets */; };
		62BA772D28C5DC4F004D21E2 /* Preview Assets.xcassets in Resources */ = {isa = PBXBuildFile; fileRef = 62BA772C28C5DC4F004D21E2 /* Preview Assets.xcassets */; };
		62BA773728C5DC4F004D21E2 /* SearchBarTests.swift in Sources */ = {isa = PBXBuildFile; fileRef = 62BA773628C5DC4F004D21E2 /* SearchBarTests.swift */; };
		62BA774128C5DC4F004D21E2 /* SearchBarUITests.swift in Sources */ = {isa = PBXBuildFile; fileRef = 62BA774028C5DC4F004D21E2 /* SearchBarUITests.swift */; };
		62BA774328C5DC4F004D21E2 /* SearchBarUITestsLaunchTests.swift in Sources */ = {isa = PBXBuildFile; fileRef = 62BA774228C5DC4F004D21E2 /* SearchBarUITestsLaunchTests.swift */; };
		62FAF92028C5F4B900F08C1E /* FruitModel.swift in Sources */ = {isa = PBXBuildFile; fileRef = 62FAF91F28C5F4B900F08C1E /* FruitModel.swift */; };
/* End PBXBuildFile section */

/* Begin PBXContainerItemProxy section */
		62BA773328C5DC4F004D21E2 /* PBXContainerItemProxy */ = {
			isa = PBXContainerItemProxy;
			containerPortal = 62BA771A28C5DC4D004D21E2 /* Project object */;
			proxyType = 1;
			remoteGlobalIDString = 62BA772128C5DC4D004D21E2;
			remoteInfo = SearchBar;
		};
		62BA773D28C5DC4F004D21E2 /* PBXContainerItemProxy */ = {
			isa = PBXContainerItemProxy;
			containerPortal = 62BA771A28C5DC4D004D21E2 /* Project object */;
			proxyType = 1;
			remoteGlobalIDString = 62BA772128C5DC4D004D21E2;
			remoteInfo = SearchBar;
		};
/* End PBXContainerItemProxy section */

/* Begin PBXFileReference section */
		04E1DDA02A758DDA00C30BD8 /* FruitViewModel.swift */ = {isa = PBXFileReference; lastKnownFileType = sourcecode.swift; path = FruitViewModel.swift; sourceTree = "<group>"; };
		62BA772228C5DC4D004D21E2 /* SearchBar.app */ = {isa = PBXFileReference; explicitFileType = wrapper.application; includeInIndex = 0; path = SearchBar.app; sourceTree = BUILT_PRODUCTS_DIR; };
		62BA772528C5DC4D004D21E2 /* SearchBarApp.swift */ = {isa = PBXFileReference; lastKnownFileType = sourcecode.swift; path = SearchBarApp.swift; sourceTree = "<group>"; };
		62BA772728C5DC4D004D21E2 /* ContentView.swift */ = {isa = PBXFileReference; lastKnownFileType = sourcecode.swift; path = ContentView.swift; sourceTree = "<group>"; };
		62BA772928C5DC4F004D21E2 /* Assets.xcassets */ = {isa = PBXFileReference; lastKnownFileType = folder.assetcatalog; path = Assets.xcassets; sourceTree = "<group>"; };
		62BA772C28C5DC4F004D21E2 /* Preview Assets.xcassets */ = {isa = PBXFileReference; lastKnownFileType = folder.assetcatalog; path = "Preview Assets.xcassets"; sourceTree = "<group>"; };
		62BA773228C5DC4F004D21E2 /* SearchBarTests.xctest */ = {isa = PBXFileReference; explicitFileType = wrapper.cfbundle; includeInIndex = 0; path = SearchBarTests.xctest; sourceTree = BUILT_PRODUCTS_DIR; };
		62BA773628C5DC4F004D21E2 /* SearchBarTests.swift */ = {isa = PBXFileReference; lastKnownFileType = sourcecode.swift; path = SearchBarTests.swift; sourceTree = "<group>"; };
		62BA773C28C5DC4F004D21E2 /* SearchBarUITests.xctest */ = {isa = PBXFileReference; explicitFileType = wrapper.cfbundle; includeInIndex = 0; path = SearchBarUITests.xctest; sourceTree = BUILT_PRODUCTS_DIR; };
		62BA774028C5DC4F004D21E2 /* SearchBarUITests.swift */ = {isa = PBXFileReference; lastKnownFileType = sourcecode.swift; path = SearchBarUITests.swift; sourceTree = "<group>"; };
		62BA774228C5DC4F004D21E2 /* SearchBarUITestsLaunchTests.swift */ = {isa = PBXFileReference; lastKnownFileType = sourcecode.swift; path = SearchBarUITestsLaunchTests.swift; sourceTree = "<group>"; };
		62FAF91F28C5F4B900F08C1E /* FruitModel.swift */ = {isa = PBXFileReference; lastKnownFileType = sourcecode.swift; path = FruitModel.swift; sourceTree = "<group>"; };
/* End PBXFileReference section */

/* Begin PBXFrameworksBuildPhase section */
		62BA771F28C5DC4D004D21E2 /* Frameworks */ = {
			isa = PBXFrameworksBuildPhase;
			buildActionMask = 2147483647;
			files = (
			);
			runOnlyForDeploymentPostprocessing = 0;
		};
		62BA772F28C5DC4F004D21E2 /* Frameworks */ = {
			isa = PBXFrameworksBuildPhase;
			buildActionMask = 2147483647;
			files = (
			);
			runOnlyForDeploymentPostprocessing = 0;
		};
		62BA773928C5DC4F004D21E2 /* Frameworks */ = {
			isa = PBXFrameworksBuildPhase;
			buildActionMask = 2147483647;
			files = (
			);
			runOnlyForDeploymentPostprocessing = 0;
		};
/* End PBXFrameworksBuildPhase section */

/* Begin PBXGroup section */
		62BA771928C5DC4D004D21E2 = {
			isa = PBXGroup;
			children = (
				62BA772428C5DC4D004D21E2 /* SearchBar */,
				62BA773528C5DC4F004D21E2 /* SearchBarTests */,
				62BA773F28C5DC4F004D21E2 /* SearchBarUITests */,
				62BA772328C5DC4D004D21E2 /* Products */,
			);
			sourceTree = "<group>";
		};
		62BA772328C5DC4D004D21E2 /* Products */ = {
			isa = PBXGroup;
			children = (
				62BA772228C5DC4D004D21E2 /* SearchBar.app */,
				62BA773228C5DC4F004D21E2 /* SearchBarTests.xctest */,
				62BA773C28C5DC4F004D21E2 /* SearchBarUITests.xctest */,
			);
			name = Products;
			sourceTree = "<group>";
		};
		62BA772428C5DC4D004D21E2 /* SearchBar */ = {
			isa = PBXGroup;
			children = (
				62BA772528C5DC4D004D21E2 /* SearchBarApp.swift */,
				62BA772728C5DC4D004D21E2 /* ContentView.swift */,
				62FAF91F28C5F4B900F08C1E /* FruitModel.swift */,
				04E1DDA02A758DDA00C30BD8 /* FruitViewModel.swift */,
				62BA772928C5DC4F004D21E2 /* Assets.xcassets */,
				62BA772B28C5DC4F004D21E2 /* Preview Content */,
			);
			path = SearchBar;
			sourceTree = "<group>";
		};
		62BA772B28C5DC4F004D21E2 /* Preview Content */ = {
			isa = PBXGroup;
			children = (
				62BA772C28C5DC4F004D21E2 /* Preview Assets.xcassets */,
			);
			path = "Preview Content";
			sourceTree = "<group>";
		};
		62BA773528C5DC4F004D21E2 /* SearchBarTests */ = {
			isa = PBXGroup;
			children = (
				62BA773628C5DC4F004D21E2 /* SearchBarTests.swift */,
			);
			path = SearchBarTests;
			sourceTree = "<group>";
		};
		62BA773F28C5DC4F004D21E2 /* SearchBarUITests */ = {
			isa = PBXGroup;
			children = (
				62BA774028C5DC4F004D21E2 /* SearchBarUITests.swift */,
				62BA774228C5DC4F004D21E2 /* SearchBarUITestsLaunchTests.swift */,
			);
			path = SearchBarUITests;
			sourceTree = "<group>";
		};
/* End PBXGroup section */

/* Begin PBXNativeTarget section */
		62BA772128C5DC4D004D21E2 /* SearchBar */ = {
			isa = PBXNativeTarget;
			buildConfigurationList = 62BA774628C5DC4F004D21E2 /* Build configuration list for PBXNativeTarget "SearchBar" */;
			buildPhases = (
				62BA771E28C5DC4D004D21E2 /* Sources */,
				62BA771F28C5DC4D004D21E2 /* Frameworks */,
				62BA772028C5DC4D004D21E2 /* Resources */,
			);
			buildRules = (
			);
			dependencies = (
			);
			name = SearchBar;
			productName = SearchBar;
			productReference = 62BA772228C5DC4D004D21E2 /* SearchBar.app */;
			productType = "com.apple.product-type.application";
		};
		62BA773128C5DC4F004D21E2 /* SearchBarTests */ = {
			isa = PBXNativeTarget;
			buildConfigurationList = 62BA774928C5DC4F004D21E2 /* Build configuration list for PBXNativeTarget "SearchBarTests" */;
			buildPhases = (
				62BA772E28C5DC4F004D21E2 /* Sources */,
				62BA772F28C5DC4F004D21E2 /* Frameworks */,
				62BA773028C5DC4F004D21E2 /* Resources */,
			);
			buildRules = (
			);
			dependencies = (
				62BA773428C5DC4F004D21E2 /* PBXTargetDependency */,
			);
			name = SearchBarTests;
			productName = SearchBarTests;
			productReference = 62BA773228C5DC4F004D21E2 /* SearchBarTests.xctest */;
			productType = "com.apple.product-type.bundle.unit-test";
		};
		62BA773B28C5DC4F004D21E2 /* SearchBarUITests */ = {
			isa = PBXNativeTarget;
			buildConfigurationList = 62BA774C28C5DC4F004D21E2 /* Build configuration list for PBXNativeTarget "SearchBarUITests" */;
			buildPhases = (
				62BA773828C5DC4F004D21E2 /* Sources */,
				62BA773928C5DC4F004D21E2 /* Frameworks */,
				62BA773A28C5DC4F004D21E2 /* Resources */,
			);
			buildRules = (
			);
			dependencies = (
				62BA773E28C5DC4F004D21E2 /* PBXTargetDependency */,
			);
			name = SearchBarUITests;
			productName = SearchBarUITests;
			productReference = 62BA773C28C5DC4F004D21E2 /* SearchBarUITests.xctest */;
			productType = "com.apple.product-type.bundle.ui-testing";
		};
/* End PBXNativeTarget section */

/* Begin PBXProject section */
		62BA771A28C5DC4D004D21E2 /* Project object */ = {
			isa = PBXProject;
			attributes = {
				BuildIndependentTargetsInParallel = 1;
				LastSwiftUpdateCheck = 1340;
				LastUpgradeCheck = 1340;
				TargetAttributes = {
					62BA772128C5DC4D004D21E2 = {
						CreatedOnToolsVersion = 13.4.1;
					};
					62BA773128C5DC4F004D21E2 = {
						CreatedOnToolsVersion = 13.4.1;
						TestTargetID = 62BA772128C5DC4D004D21E2;
					};
					62BA773B28C5DC4F004D21E2 = {
						CreatedOnToolsVersion = 13.4.1;
						TestTargetID = 62BA772128C5DC4D004D21E2;
					};
				};
			};
			buildConfigurationList = 62BA771D28C5DC4D004D21E2 /* Build configuration list for PBXProject "SearchBar" */;
			compatibilityVersion = "Xcode 13.0";
			developmentRegion = en;
			hasScannedForEncodings = 0;
			knownRegions = (
				en,
				Base,
			);
			mainGroup = 62BA771928C5DC4D004D21E2;
			productRefGroup = 62BA772328C5DC4D004D21E2 /* Products */;
			projectDirPath = "";
			projectRoot = "";
			targets = (
				62BA772128C5DC4D004D21E2 /* SearchBar */,
				62BA773128C5DC4F004D21E2 /* SearchBarTests */,
				62BA773B28C5DC4F004D21E2 /* SearchBarUITests */,
			);
		};
/* End PBXProject section */

/* Begin PBXResourcesBuildPhase section */
		62BA772028C5DC4D004D21E2 /* Resources */ = {
			isa = PBXResourcesBuildPhase;
			buildActionMask = 2147483647;
			files = (
				62BA772D28C5DC4F004D21E2 /* Preview Assets.xcassets in Resources */,
				62BA772A28C5DC4F004D21E2 /* Assets.xcassets in Resources */,
			);
			runOnlyForDeploymentPostprocessing = 0;
		};
		62BA773028C5DC4F004D21E2 /* Resources */ = {
			isa = PBXResourcesBuildPhase;
			buildActionMask = 2147483647;
			files = (
			);
			runOnlyForDeploymentPostprocessing = 0;
		};
		62BA773A28C5DC4F004D21E2 /* Resources */ = {
			isa = PBXResourcesBuildPhase;
			buildActionMask = 2147483647;
			files = (
			);
			runOnlyForDeploymentPostprocessing = 0;
		};
/* End PBXResourcesBuildPhase section */

/* Begin PBXSourcesBuildPhase section */
		62BA771E28C5DC4D004D21E2 /* Sources */ = {
			isa = PBXSourcesBuildPhase;
			buildActionMask = 2147483647;
			files = (
				62BA772828C5DC4D004D21E2 /* ContentView.swift in Sources */,
				04E1DDA12A758DDA00C30BD8 /* FruitViewModel.swift in Sources */,
				62FAF92028C5F4B900F08C1E /* FruitModel.swift in Sources */,
				62BA772628C5DC4D004D21E2 /* SearchBarApp.swift in Sources */,
			);
			runOnlyForDeploymentPostprocessing = 0;
		};
		62BA772E28C5DC4F004D21E2 /* Sources */ = {
			isa = PBXSourcesBuildPhase;
			buildActionMask = 2147483647;
			files = (
				62BA773728C5DC4F004D21E2 /* SearchBarTests.swift in Sources */,
			);
			runOnlyForDeploymentPostprocessing = 0;
		};
		62BA773828C5DC4F004D21E2 /* Sources */ = {
			isa = PBXSourcesBuildPhase;
			buildActionMask = 2147483647;
			files = (
				62BA774328C5DC4F004D21E2 /* SearchBarUITestsLaunchTests.swift in Sources */,
				62BA774128C5DC4F004D21E2 /* SearchBarUITests.swift in Sources */,
			);
			runOnlyForDeploymentPostprocessing = 0;
		};
/* End PBXSourcesBuildPhase section */

/* Begin PBXTargetDependency section */
		62BA773428C5DC4F004D21E2 /* PBXTargetDependency */ = {
			isa = PBXTargetDependency;
			target = 62BA772128C5DC4D004D21E2 /* SearchBar */;
			targetProxy = 62BA773328C5DC4F004D21E2 /* PBXContainerItemProxy */;
		};
		62BA773E28C5DC4F004D21E2 /* PBXTargetDependency */ = {
			isa = PBXTargetDependency;
			target = 62BA772128C5DC4D004D21E2 /* SearchBar */;
			targetProxy = 62BA773D28C5DC4F004D21E2 /* PBXContainerItemProxy */;
		};
/* End PBXTargetDependency section */

/* Begin XCBuildConfiguration section */
		62BA774428C5DC4F004D21E2 /* Debug */ = {
			isa = XCBuildConfiguration;
			buildSettings = {
				ALWAYS_SEARCH_USER_PATHS = NO;
				CLANG_ANALYZER_NONNULL = YES;
				CLANG_ANALYZER_NUMBER_OBJECT_CONVERSION = YES_AGGRESSIVE;
				CLANG_CXX_LANGUAGE_STANDARD = "gnu++17";
				CLANG_ENABLE_MODULES = YES;
				CLANG_ENABLE_OBJC_ARC = YES;
				CLANG_ENABLE_OBJC_WEAK = YES;
				CLANG_WARN_BLOCK_CAPTURE_AUTORELEASING = YES;
				CLANG_WARN_BOOL_CONVERSION = YES;
				CLANG_WARN_COMMA = YES;
				CLANG_WARN_CONSTANT_CONVERSION = YES;
				CLANG_WARN_DEPRECATED_OBJC_IMPLEMENTATIONS = YES;
				CLANG_WARN_DIRECT_OBJC_ISA_USAGE = YES_ERROR;
				CLANG_WARN_DOCUMENTATION_COMMENTS = YES;
				CLANG_WARN_EMPTY_BODY = YES;
				CLANG_WARN_ENUM_CONVERSION = YES;
				CLANG_WARN_INFINITE_RECURSION = YES;
				CLANG_WARN_INT_CONVERSION = YES;
				CLANG_WARN_NON_LITERAL_NULL_CONVERSION = YES;
				CLANG_WARN_OBJC_IMPLICIT_RETAIN_SELF = YES;
				CLANG_WARN_OBJC_LITERAL_CONVERSION = YES;
				CLANG_WARN_OBJC_ROOT_CLASS = YES_ERROR;
				CLANG_WARN_QUOTED_INCLUDE_IN_FRAMEWORK_HEADER = YES;
				CLANG_WARN_RANGE_LOOP_ANALYSIS = YES;
				CLANG_WARN_STRICT_PROTOTYPES = YES;
				CLANG_WARN_SUSPICIOUS_MOVE = YES;
				CLANG_WARN_UNGUARDED_AVAILABILITY = YES_AGGRESSIVE;
				CLANG_WARN_UNREACHABLE_CODE = YES;
				CLANG_WARN__DUPLICATE_METHOD_MATCH = YES;
				COPY_PHASE_STRIP = NO;
				DEBUG_INFORMATION_FORMAT = dwarf;
				ENABLE_STRICT_OBJC_MSGSEND = YES;
				ENABLE_TESTABILITY = YES;
				GCC_C_LANGUAGE_STANDARD = gnu11;
				GCC_DYNAMIC_NO_PIC = NO;
				GCC_NO_COMMON_BLOCKS = YES;
				GCC_OPTIMIZATION_LEVEL = 0;
				GCC_PREPROCESSOR_DEFINITIONS = (
					"DEBUG=1",
					"$(inherited)",
				);
				GCC_WARN_64_TO_32_BIT_CONVERSION = YES;
				GCC_WARN_ABOUT_RETURN_TYPE = YES_ERROR;
				GCC_WARN_UNDECLARED_SELECTOR = YES;
				GCC_WARN_UNINITIALIZED_AUTOS = YES_AGGRESSIVE;
				GCC_WARN_UNUSED_FUNCTION = YES;
				GCC_WARN_UNUSED_VARIABLE = YES;
				IPHONEOS_DEPLOYMENT_TARGET = 15.5;
				MTL_ENABLE_DEBUG_INFO = INCLUDE_SOURCE;
				MTL_FAST_MATH = YES;
				ONLY_ACTIVE_ARCH = YES;
				SDKROOT = iphoneos;
				SWIFT_ACTIVE_COMPILATION_CONDITIONS = DEBUG;
				SWIFT_OPTIMIZATION_LEVEL = "-Onone";
			};
			name = Debug;
		};
		62BA774528C5DC4F004D21E2 /* Release */ = {
			isa = XCBuildConfiguration;
			buildSettings = {
				ALWAYS_SEARCH_USER_PATHS = NO;
				CLANG_ANALYZER_NONNULL = YES;
				CLANG_ANALYZER_NUMBER_OBJECT_CONVERSION = YES_AGGRESSIVE;
				CLANG_CXX_LANGUAGE_STANDARD = "gnu++17";
				CLANG_ENABLE_MODULES = YES;
				CLANG_ENABLE_OBJC_ARC = YES;
				CLANG_ENABLE_OBJC_WEAK = YES;
				CLANG_WARN_BLOCK_CAPTURE_AUTORELEASING = YES;
				CLANG_WARN_BOOL_CONVERSION = YES;
				CLANG_WARN_COMMA = YES;
				CLANG_WARN_CONSTANT_CONVERSION = YES;
				CLANG_WARN_DEPRECATED_OBJC_IMPLEMENTATIONS = YES;
				CLANG_WARN_DIRECT_OBJC_ISA_USAGE = YES_ERROR;
				CLANG_WARN_DOCUMENTATION_COMMENTS = YES;
				CLANG_WARN_EMPTY_BODY = YES;
				CLANG_WARN_ENUM_CONVERSION = YES;
				CLANG_WARN_INFINITE_RECURSION = YES;
				CLANG_WARN_INT_CONVERSION = YES;
				CLANG_WARN_NON_LITERAL_NULL_CONVERSION = YES;
				CLANG_WARN_OBJC_IMPLICIT_RETAIN_SELF = YES;
				CLANG_WARN_OBJC_LITERAL_CONVERSION = YES;
				CLANG_WARN_OBJC_ROOT_CLASS = YES_ERROR;
				CLANG_WARN_QUOTED_INCLUDE_IN_FRAMEWORK_HEADER = YES;
				CLANG_WARN_RANGE_LOOP_ANALYSIS = YES;
				CLANG_WARN_STRICT_PROTOTYPES = YES;
				CLANG_WARN_SUSPICIOUS_MOVE = YES;
				CLANG_WARN_UNGUARDED_AVAILABILITY = YES_AGGRESSIVE;
				CLANG_WARN_UNREACHABLE_CODE = YES;
				CLANG_WARN__DUPLICATE_METHOD_MATCH = YES;
				COPY_PHASE_STRIP = NO;
				DEBUG_INFORMATION_FORMAT = "dwarf-with-dsym";
				ENABLE_NS_ASSERTIONS = NO;
				ENABLE_STRICT_OBJC_MSGSEND = YES;
				GCC_C_LANGUAGE_STANDARD = gnu11;
				GCC_NO_COMMON_BLOCKS = YES;
				GCC_WARN_64_TO_32_BIT_CONVERSION = YES;
				GCC_WARN_ABOUT_RETURN_TYPE = YES_ERROR;
				GCC_WARN_UNDECLARED_SELECTOR = YES;
				GCC_WARN_UNINITIALIZED_AUTOS = YES_AGGRESSIVE;
				GCC_WARN_UNUSED_FUNCTION = YES;
				GCC_WARN_UNUSED_VARIABLE = YES;
				IPHONEOS_DEPLOYMENT_TARGET = 15.5;
				MTL_ENABLE_DEBUG_INFO = NO;
				MTL_FAST_MATH = YES;
				SDKROOT = iphoneos;
				SWIFT_COMPILATION_MODE = wholemodule;
				SWIFT_OPTIMIZATION_LEVEL = "-O";
				VALIDATE_PRODUCT = YES;
			};
			name = Release;
		};
		62BA774728C5DC4F004D21E2 /* Debug */ = {
			isa = XCBuildConfiguration;
			buildSettings = {
				ASSETCATALOG_COMPILER_APPICON_NAME = AppIcon;
				ASSETCATALOG_COMPILER_GLOBAL_ACCENT_COLOR_NAME = AccentColor;
				CODE_SIGN_STYLE = Automatic;
				CURRENT_PROJECT_VERSION = 1;
				DEVELOPMENT_ASSET_PATHS = "\"SearchBar/Preview Content\"";
				ENABLE_PREVIEWS = YES;
				GENERATE_INFOPLIST_FILE = YES;
				INFOPLIST_KEY_UIApplicationSceneManifest_Generation = YES;
				INFOPLIST_KEY_UIApplicationSupportsIndirectInputEvents = YES;
				INFOPLIST_KEY_UILaunchScreen_Generation = YES;
				INFOPLIST_KEY_UISupportedInterfaceOrientations_iPad = "UIInterfaceOrientationPortrait UIInterfaceOrientationPortraitUpsideDown UIInterfaceOrientationLandscapeLeft UIInterfaceOrientationLandscapeRight";
				INFOPLIST_KEY_UISupportedInterfaceOrientations_iPhone = "UIInterfaceOrientationPortrait UIInterfaceOrientationLandscapeLeft UIInterfaceOrientationLandscapeRight";
				LD_RUNPATH_SEARCH_PATHS = (
					"$(inherited)",
					"@executable_path/Frameworks",
				);
				MARKETING_VERSION = 1.0;
				PRODUCT_BUNDLE_IDENTIFIER = com.dilshad.SearchBar;
				PRODUCT_NAME = "$(TARGET_NAME)";
				SWIFT_EMIT_LOC_STRINGS = YES;
				SWIFT_VERSION = 5.0;
				TARGETED_DEVICE_FAMILY = "1,2";
			};
			name = Debug;
		};
		62BA774828C5DC4F004D21E2 /* Release */ = {
			isa = XCBuildConfiguration;
			buildSettings = {
				ASSETCATALOG_COMPILER_APPICON_NAME = AppIcon;
				ASSETCATALOG_COMPILER_GLOBAL_ACCENT_COLOR_NAME = AccentColor;
				CODE_SIGN_STYLE = Automatic;
				CURRENT_PROJECT_VERSION = 1;
				DEVELOPMENT_ASSET_PATHS = "\"SearchBar/Preview Content\"";
				ENABLE_PREVIEWS = YES;
				GENERATE_INFOPLIST_FILE = YES;
				INFOPLIST_KEY_UIApplicationSceneManifest_Generation = YES;
				INFOPLIST_KEY_UIApplicationSupportsIndirectInputEvents = YES;
				INFOPLIST_KEY_UILaunchScreen_Generation = YES;
				INFOPLIST_KEY_UISupportedInterfaceOrientations_iPad = "UIInterfaceOrientationPortrait UIInterfaceOrientationPortraitUpsideDown UIInterfaceOrientationLandscapeLeft UIInterfaceOrientationLandscapeRight";
				INFOPLIST_KEY_UISupportedInterfaceOrientations_iPhone = "UIInterfaceOrientationPortrait UIInterfaceOrientationLandscapeLeft UIInterfaceOrientationLandscapeRight";
				LD_RUNPATH_SEARCH_PATHS = (
					"$(inherited)",
					"@executable_path/Frameworks",
				);
				MARKETING_VERSION = 1.0;
				PRODUCT_BUNDLE_IDENTIFIER = com.dilshad.SearchBar;
				PRODUCT_NAME = "$(TARGET_NAME)";
				SWIFT_EMIT_LOC_STRINGS = YES;
				SWIFT_VERSION = 5.0;
				TARGETED_DEVICE_FAMILY = "1,2";
			};
			name = Release;
		};
		62BA774A28C5DC4F004D21E2 /* Debug */ = {
			isa = XCBuildConfiguration;
			buildSettings = {
				ALWAYS_EMBED_SWIFT_STANDARD_LIBRARIES = YES;
				BUNDLE_LOADER = "$(TEST_HOST)";
				CODE_SIGN_STYLE = Automatic;
				CURRENT_PROJECT_VERSION = 1;
				GENERATE_INFOPLIST_FILE = YES;
				IPHONEOS_DEPLOYMENT_TARGET = 15.5;
				MARKETING_VERSION = 1.0;
				PRODUCT_BUNDLE_IDENTIFIER = com.dilshad.SearchBarTests;
				PRODUCT_NAME = "$(TARGET_NAME)";
				SWIFT_EMIT_LOC_STRINGS = NO;
				SWIFT_VERSION = 5.0;
				TARGETED_DEVICE_FAMILY = "1,2";
				TEST_HOST = "$(BUILT_PRODUCTS_DIR)/SearchBar.app/SearchBar";
			};
			name = Debug;
		};
		62BA774B28C5DC4F004D21E2 /* Release */ = {
			isa = XCBuildConfiguration;
			buildSettings = {
				ALWAYS_EMBED_SWIFT_STANDARD_LIBRARIES = YES;
				BUNDLE_LOADER = "$(TEST_HOST)";
				CODE_SIGN_STYLE = Automatic;
				CURRENT_PROJECT_VERSION = 1;
				GENERATE_INFOPLIST_FILE = YES;
				IPHONEOS_DEPLOYMENT_TARGET = 15.5;
				MARKETING_VERSION = 1.0;
				PRODUCT_BUNDLE_IDENTIFIER = com.dilshad.SearchBarTests;
				PRODUCT_NAME = "$(TARGET_NAME)";
				SWIFT_EMIT_LOC_STRINGS = NO;
				SWIFT_VERSION = 5.0;
				TARGETED_DEVICE_FAMILY = "1,2";
				TEST_HOST = "$(BUILT_PRODUCTS_DIR)/SearchBar.app/SearchBar";
			};
			name = Release;
		};
		62BA774D28C5DC4F004D21E2 /* Debug */ = {
			isa = XCBuildConfiguration;
			buildSettings = {
				ALWAYS_EMBED_SWIFT_STANDARD_LIBRARIES = YES;
				CODE_SIGN_STYLE = Automatic;
				CURRENT_PROJECT_VERSION = 1;
				GENERATE_INFOPLIST_FILE = YES;
				MARKETING_VERSION = 1.0;
				PRODUCT_BUNDLE_IDENTIFIER = com.dilshad.SearchBarUITests;
				PRODUCT_NAME = "$(TARGET_NAME)";
				SWIFT_EMIT_LOC_STRINGS = NO;
				SWIFT_VERSION = 5.0;
				TARGETED_DEVICE_FAMILY = "1,2";
				TEST_TARGET_NAME = SearchBar;
			};
			name = Debug;
		};
		62BA774E28C5DC4F004D21E2 /* Release */ = {
			isa = XCBuildConfiguration;
			buildSettings = {
				ALWAYS_EMBED_SWIFT_STANDARD_LIBRARIES = YES;
				CODE_SIGN_STYLE = Automatic;
				CURRENT_PROJECT_VERSION = 1;
				GENERATE_INFOPLIST_FILE = YES;
				MARKETING_VERSION = 1.0;
				PRODUCT_BUNDLE_IDENTIFIER = com.dilshad.SearchBarUITests;
				PRODUCT_NAME = "$(TARGET_NAME)";
				SWIFT_EMIT_LOC_STRINGS = NO;
				SWIFT_VERSION = 5.0;
				TARGETED_DEVICE_FAMILY = "1,2";
				TEST_TARGET_NAME = SearchBar;
			};
			name = Release;
		};
/* End XCBuildConfiguration section */

/* Begin XCConfigurationList section */
		62BA771D28C5DC4D004D21E2 /* Build configuration list for PBXProject "SearchBar" */ = {
			isa = XCConfigurationList;
			buildConfigurations = (
				62BA774428C5DC4F004D21E2 /* Debug */,
				62BA774528C5DC4F004D21E2 /* Release */,
			);
			defaultConfigurationIsVisible = 0;
			defaultConfigurationName = Release;
		};
		62BA774628C5DC4F004D21E2 /* Build configuration list for PBXNativeTarget "SearchBar" */ = {
			isa = XCConfigurationList;
			buildConfigurations = (
				62BA774728C5DC4F004D21E2 /* Debug */,
				62BA774828C5DC4F004D21E2 /* Release */,
			);
			defaultConfigurationIsVisible = 0;
			defaultConfigurationName = Release;
		};
		62BA774928C5DC4F004D21E2 /* Build configuration list for PBXNativeTarget "SearchBarTests" */ = {
			isa = XCConfigurationList;
			buildConfigurations = (
				62BA774A28C5DC4F004D21E2 /* Debug */,
				62BA774B28C5DC4F004D21E2 /* Release */,
			);
			defaultConfigurationIsVisible = 0;
			defaultConfigurationName = Release;
		};
		62BA774C28C5DC4F004D21E2 /* Build configuration list for PBXNativeTarget "SearchBarUITests" */ = {
			isa = XCConfigurationList;
			buildConfigurations = (
				62BA774D28C5DC4F004D21E2 /* Debug */,
				62BA774E28C5DC4F004D21E2 /* Release */,
			);
			defaultConfigurationIsVisible = 0;
			defaultConfigurationName = Release;
		};
/* End XCConfigurationList section */
	};
	rootObject = 62BA771A28C5DC4D004D21E2 /* Project object */;
}
